// !$*UTF8*$!
{
	archiveVersion = 1;
	classes = {
	};
	objectVersion = 50;
	objects = {

/* Begin PBXBuildFile section */
		6B6E96B521B111A4000AC664 /* CGPath+Extension.swift in Sources */ = {isa = PBXBuildFile; fileRef = 6B6E96B421B111A4000AC664 /* CGPath+Extension.swift */; };
		6BA85A2F217EB03100FAEDF2 /* AppDelegate.swift in Sources */ = {isa = PBXBuildFile; fileRef = 6BA85A2E217EB03100FAEDF2 /* AppDelegate.swift */; };
		6BA85A31217EB03500FAEDF2 /* Assets.xcassets in Resources */ = {isa = PBXBuildFile; fileRef = 6BA85A30217EB03500FAEDF2 /* Assets.xcassets */; };
		6BA85A34217EB03500FAEDF2 /* MainMenu.xib in Resources */ = {isa = PBXBuildFile; fileRef = 6BA85A32217EB03500FAEDF2 /* MainMenu.xib */; };
		6BA85A3D217EB07D00FAEDF2 /* View.swift in Sources */ = {isa = PBXBuildFile; fileRef = 6BA85A3C217EB07D00FAEDF2 /* View.swift */; };
		6BB445A521B666930095A94C /* PocketSVG.framework in Frameworks */ = {isa = PBXBuildFile; fileRef = 6BB445A421B666930095A94C /* PocketSVG.framework */; };
		6BB445A821B668CF0095A94C /* bell.svg in Resources */ = {isa = PBXBuildFile; fileRef = 6BB445A721B668CE0095A94C /* bell.svg */; };
		6BB445CE21B79AFE0095A94C /* CanvasView.swift in Sources */ = {isa = PBXBuildFile; fileRef = 6BB445CD21B79AFE0095A94C /* CanvasView.swift */; };
/* End PBXBuildFile section */

/* Begin PBXFileReference section */
		6B6E96B421B111A4000AC664 /* CGPath+Extension.swift */ = {isa = PBXFileReference; lastKnownFileType = sourcecode.swift; path = "CGPath+Extension.swift"; sourceTree = "<group>"; };
		6BA85A2B217EB03100FAEDF2 /* StrokeLayer.app */ = {isa = PBXFileReference; explicitFileType = wrapper.application; includeInIndex = 0; path = StrokeLayer.app; sourceTree = BUILT_PRODUCTS_DIR; };
		6BA85A2E217EB03100FAEDF2 /* AppDelegate.swift */ = {isa = PBXFileReference; lastKnownFileType = sourcecode.swift; path = AppDelegate.swift; sourceTree = "<group>"; };
		6BA85A30217EB03500FAEDF2 /* Assets.xcassets */ = {isa = PBXFileReference; lastKnownFileType = folder.assetcatalog; path = Assets.xcassets; sourceTree = "<group>"; };
		6BA85A33217EB03500FAEDF2 /* Base */ = {isa = PBXFileReference; lastKnownFileType = file.xib; name = Base; path = Base.lproj/MainMenu.xib; sourceTree = "<group>"; };
		6BA85A35217EB03500FAEDF2 /* Info.plist */ = {isa = PBXFileReference; lastKnownFileType = text.plist.xml; path = Info.plist; sourceTree = "<group>"; };
		6BA85A36217EB03500FAEDF2 /* StrokeLayer.entitlements */ = {isa = PBXFileReference; lastKnownFileType = text.plist.entitlements; path = StrokeLayer.entitlements; sourceTree = "<group>"; };
		6BA85A3C217EB07D00FAEDF2 /* View.swift */ = {isa = PBXFileReference; lastKnownFileType = sourcecode.swift; path = View.swift; sourceTree = "<group>"; };
		6BB445A421B666930095A94C /* PocketSVG.framework */ = {isa = PBXFileReference; lastKnownFileType = wrapper.framework; name = PocketSVG.framework; path = Carthage/Build/Mac/PocketSVG.framework; sourceTree = "<group>"; };
		6BB445A721B668CE0095A94C /* bell.svg */ = {isa = PBXFileReference; fileEncoding = 4; lastKnownFileType = text.xml; path = bell.svg; sourceTree = "<group>"; };
		6BB445CD21B79AFE0095A94C /* CanvasView.swift */ = {isa = PBXFileReference; lastKnownFileType = sourcecode.swift; path = CanvasView.swift; sourceTree = "<group>"; };
/* End PBXFileReference section */

/* Begin PBXFrameworksBuildPhase section */
		6BA85A28217EB03100FAEDF2 /* Frameworks */ = {
			isa = PBXFrameworksBuildPhase;
			buildActionMask = 2147483647;
			files = (
				6BB445A521B666930095A94C /* PocketSVG.framework in Frameworks */,
			);
			runOnlyForDeploymentPostprocessing = 0;
		};
/* End PBXFrameworksBuildPhase section */

/* Begin PBXGroup section */
		6BA85A22217EB03100FAEDF2 = {
			isa = PBXGroup;
			children = (
				6BA85A2D217EB03100FAEDF2 /* StrokeLayer */,
				6BA85A2C217EB03100FAEDF2 /* Products */,
				6BB445A321B666930095A94C /* Frameworks */,
			);
			sourceTree = "<group>";
		};
		6BA85A2C217EB03100FAEDF2 /* Products */ = {
			isa = PBXGroup;
			children = (
				6BA85A2B217EB03100FAEDF2 /* StrokeLayer.app */,
			);
			name = Products;
			sourceTree = "<group>";
		};
		6BA85A2D217EB03100FAEDF2 /* StrokeLayer */ = {
			isa = PBXGroup;
			children = (
				6BA85A2E217EB03100FAEDF2 /* AppDelegate.swift */,
				6BA85A3C217EB07D00FAEDF2 /* View.swift */,
				6BB445CD21B79AFE0095A94C /* CanvasView.swift */,
				6B6E96B421B111A4000AC664 /* CGPath+Extension.swift */,
				6BA85A30217EB03500FAEDF2 /* Assets.xcassets */,
				6BB445A721B668CE0095A94C /* bell.svg */,
				6BA85A32217EB03500FAEDF2 /* MainMenu.xib */,
				6BA85A35217EB03500FAEDF2 /* Info.plist */,
				6BA85A36217EB03500FAEDF2 /* StrokeLayer.entitlements */,
			);
			path = StrokeLayer;
			sourceTree = "<group>";
		};
		6BB445A321B666930095A94C /* Frameworks */ = {
			isa = PBXGroup;
			children = (
				6BB445A421B666930095A94C /* PocketSVG.framework */,
			);
			name = Frameworks;
			sourceTree = "<group>";
		};
/* End PBXGroup section */

/* Begin PBXNativeTarget section */
		6BA85A2A217EB03100FAEDF2 /* StrokeLayer */ = {
			isa = PBXNativeTarget;
			buildConfigurationList = 6BA85A39217EB03500FAEDF2 /* Build configuration list for PBXNativeTarget "StrokeLayer" */;
			buildPhases = (
				6BA85A27217EB03100FAEDF2 /* Sources */,
				6BA85A28217EB03100FAEDF2 /* Frameworks */,
				6BA85A29217EB03100FAEDF2 /* Resources */,
				6BB445A621B666CB0095A94C /* Run Carthage Script */,
			);
			buildRules = (
			);
			dependencies = (
			);
			name = StrokeLayer;
			productName = StrokeLayer;
			productReference = 6BA85A2B217EB03100FAEDF2 /* StrokeLayer.app */;
			productType = "com.apple.product-type.application";
		};
/* End PBXNativeTarget section */

/* Begin PBXProject section */
		6BA85A23217EB03100FAEDF2 /* Project object */ = {
			isa = PBXProject;
			attributes = {
				LastSwiftUpdateCheck = 0940;
				LastUpgradeCheck = 0940;
				ORGANIZATIONNAME = "Yumemi Inc.";
				TargetAttributes = {
					6BA85A2A217EB03100FAEDF2 = {
						CreatedOnToolsVersion = 9.4.1;
						LastSwiftMigration = 1010;
					};
				};
			};
			buildConfigurationList = 6BA85A26217EB03100FAEDF2 /* Build configuration list for PBXProject "StrokeLayer" */;
			compatibilityVersion = "Xcode 9.3";
			developmentRegion = en;
			hasScannedForEncodings = 0;
			knownRegions = (
				en,
				Base,
			);
			mainGroup = 6BA85A22217EB03100FAEDF2;
			productRefGroup = 6BA85A2C217EB03100FAEDF2 /* Products */;
			projectDirPath = "";
			projectRoot = "";
			targets = (
				6BA85A2A217EB03100FAEDF2 /* StrokeLayer */,
			);
		};
/* End PBXProject section */

/* Begin PBXResourcesBuildPhase section */
		6BA85A29217EB03100FAEDF2 /* Resources */ = {
			isa = PBXResourcesBuildPhase;
			buildActionMask = 2147483647;
			files = (
				6BA85A31217EB03500FAEDF2 /* Assets.xcassets in Resources */,
				6BB445A821B668CF0095A94C /* bell.svg in Resources */,
				6BA85A34217EB03500FAEDF2 /* MainMenu.xib in Resources */,
			);
			runOnlyForDeploymentPostprocessing = 0;
		};
/* End PBXResourcesBuildPhase section */

/* Begin PBXShellScriptBuildPhase section */
		6BB445A621B666CB0095A94C /* Run Carthage Script */ = {
			isa = PBXShellScriptBuildPhase;
			buildActionMask = 2147483647;
			files = (
			);
			inputFileListPaths = (
			);
			inputPaths = (
				"$(SRCROOT)/Carthage/Build/Mac/PocketSVG.framework",
			);
			name = "Run Carthage Script";
			outputFileListPaths = (
			);
			outputPaths = (
			);
			runOnlyForDeploymentPostprocessing = 0;
			shellPath = /bin/sh;
			shellScript = "/usr/local/bin/carthage copy-frameworks\n";
		};
/* End PBXShellScriptBuildPhase section */

/* Begin PBXSourcesBuildPhase section */
		6BA85A27217EB03100FAEDF2 /* Sources */ = {
			isa = PBXSourcesBuildPhase;
			buildActionMask = 2147483647;
			files = (
				6BA85A3D217EB07D00FAEDF2 /* View.swift in Sources */,
				6B6E96B521B111A4000AC664 /* CGPath+Extension.swift in Sources */,
				6BB445CE21B79AFE0095A94C /* CanvasView.swift in Sources */,
				6BA85A2F217EB03100FAEDF2 /* AppDelegate.swift in Sources */,
			);
			runOnlyForDeploymentPostprocessing = 0;
		};
/* End PBXSourcesBuildPhase section */

/* Begin PBXVariantGroup section */
		6BA85A32217EB03500FAEDF2 /* MainMenu.xib */ = {
			isa = PBXVariantGroup;
			children = (
				6BA85A33217EB03500FAEDF2 /* Base */,
			);
			name = MainMenu.xib;
			sourceTree = "<group>";
		};
/* End PBXVariantGroup section */

/* Begin XCBuildConfiguration section */
		6BA85A37217EB03500FAEDF2 /* Debug */ = {
			isa = XCBuildConfiguration;
			buildSettings = {
				ALWAYS_SEARCH_USER_PATHS = NO;
				CLANG_ANALYZER_NONNULL = YES;
				CLANG_ANALYZER_NUMBER_OBJECT_CONVERSION = YES_AGGRESSIVE;
				CLANG_CXX_LANGUAGE_STANDARD = "gnu++14";
				CLANG_CXX_LIBRARY = "libc++";
				CLANG_ENABLE_MODULES = YES;
				CLANG_ENABLE_OBJC_ARC = YES;
				CLANG_ENABLE_OBJC_WEAK = YES;
				CLANG_WARN_BLOCK_CAPTURE_AUTORELEASING = YES;
				CLANG_WARN_BOOL_CONVERSION = YES;
				CLANG_WARN_COMMA = YES;
				CLANG_WARN_CONSTANT_CONVERSION = YES;
				CLANG_WARN_DEPRECATED_OBJC_IMPLEMENTATIONS = YES;
				CLANG_WARN_DIRECT_OBJC_ISA_USAGE = YES_ERROR;
				CLANG_WARN_DOCUMENTATION_COMMENTS = YES;
				CLANG_WARN_EMPTY_BODY = YES;
				CLANG_WARN_ENUM_CONVERSION = YES;
				CLANG_WARN_INFINITE_RECURSION = YES;
				CLANG_WARN_INT_CONVERSION = YES;
				CLANG_WARN_NON_LITERAL_NULL_CONVERSION = YES;
				CLANG_WARN_OBJC_IMPLICIT_RETAIN_SELF = YES;
				CLANG_WARN_OBJC_LITERAL_CONVERSION = YES;
				CLANG_WARN_OBJC_ROOT_CLASS = YES_ERROR;
				CLANG_WARN_RANGE_LOOP_ANALYSIS = YES;
				CLANG_WARN_STRICT_PROTOTYPES = YES;
				CLANG_WARN_SUSPICIOUS_MOVE = YES;
				CLANG_WARN_UNGUARDED_AVAILABILITY = YES_AGGRESSIVE;
				CLANG_WARN_UNREACHABLE_CODE = YES;
				CLANG_WARN__DUPLICATE_METHOD_MATCH = YES;
				CODE_SIGN_IDENTITY = "-";
				COPY_PHASE_STRIP = NO;
				DEBUG_INFORMATION_FORMAT = dwarf;
				ENABLE_STRICT_OBJC_MSGSEND = YES;
				ENABLE_TESTABILITY = YES;
				GCC_C_LANGUAGE_STANDARD = gnu11;
				GCC_DYNAMIC_NO_PIC = NO;
				GCC_NO_COMMON_BLOCKS = YES;
				GCC_OPTIMIZATION_LEVEL = 0;
				GCC_PREPROCESSOR_DEFINITIONS = (
					"DEBUG=1",
					"$(inherited)",
				);
				GCC_WARN_64_TO_32_BIT_CONVERSION = YES;
				GCC_WARN_ABOUT_RETURN_TYPE = YES_ERROR;
				GCC_WARN_UNDECLARED_SELECTOR = YES;
				GCC_WARN_UNINITIALIZED_AUTOS = YES_AGGRESSIVE;
				GCC_WARN_UNUSED_FUNCTION = YES;
				GCC_WARN_UNUSED_VARIABLE = YES;
				MACOSX_DEPLOYMENT_TARGET = 10.14;
				MTL_ENABLE_DEBUG_INFO = YES;
				ONLY_ACTIVE_ARCH = YES;
				SDKROOT = macosx;
				SWIFT_ACTIVE_COMPILATION_CONDITIONS = DEBUG;
				SWIFT_OPTIMIZATION_LEVEL = "-Onone";
			};
			name = Debug;
		};
		6BA85A38217EB03500FAEDF2 /* Release */ = {
			isa = XCBuildConfiguration;
			buildSettings = {
				ALWAYS_SEARCH_USER_PATHS = NO;
				CLANG_ANALYZER_NONNULL = YES;
				CLANG_ANALYZER_NUMBER_OBJECT_CONVERSION = YES_AGGRESSIVE;
				CLANG_CXX_LANGUAGE_STANDARD = "gnu++14";
				CLANG_CXX_LIBRARY = "libc++";
				CLANG_ENABLE_MODULES = YES;
				CLANG_ENABLE_OBJC_ARC = YES;
				CLANG_ENABLE_OBJC_WEAK = YES;
				CLANG_WARN_BLOCK_CAPTURE_AUTORELEASING = YES;
				CLANG_WARN_BOOL_CONVERSION = YES;
				CLANG_WARN_COMMA = YES;
				CLANG_WARN_CONSTANT_CONVERSION = YES;
				CLANG_WARN_DEPRECATED_OBJC_IMPLEMENTATIONS = YES;
				CLANG_WARN_DIRECT_OBJC_ISA_USAGE = YES_ERROR;
				CLANG_WARN_DOCUMENTATION_COMMENTS = YES;
				CLANG_WARN_EMPTY_BODY = YES;
				CLANG_WARN_ENUM_CONVERSION = YES;
				CLANG_WARN_INFINITE_RECURSION = YES;
				CLANG_WARN_INT_CONVERSION = YES;
				CLANG_WARN_NON_LITERAL_NULL_CONVERSION = YES;
				CLANG_WARN_OBJC_IMPLICIT_RETAIN_SELF = YES;
				CLANG_WARN_OBJC_LITERAL_CONVERSION = YES;
				CLANG_WARN_OBJC_ROOT_CLASS = YES_ERROR;
				CLANG_WARN_RANGE_LOOP_ANALYSIS = YES;
				CLANG_WARN_STRICT_PROTOTYPES = YES;
				CLANG_WARN_SUSPICIOUS_MOVE = YES;
				CLANG_WARN_UNGUARDED_AVAILABILITY = YES_AGGRESSIVE;
				CLANG_WARN_UNREACHABLE_CODE = YES;
				CLANG_WARN__DUPLICATE_METHOD_MATCH = YES;
				CODE_SIGN_IDENTITY = "-";
				COPY_PHASE_STRIP = NO;
				DEBUG_INFORMATION_FORMAT = "dwarf-with-dsym";
				ENABLE_NS_ASSERTIONS = NO;
				ENABLE_STRICT_OBJC_MSGSEND = YES;
				GCC_C_LANGUAGE_STANDARD = gnu11;
				GCC_NO_COMMON_BLOCKS = YES;
				GCC_WARN_64_TO_32_BIT_CONVERSION = YES;
				GCC_WARN_ABOUT_RETURN_TYPE = YES_ERROR;
				GCC_WARN_UNDECLARED_SELECTOR = YES;
				GCC_WARN_UNINITIALIZED_AUTOS = YES_AGGRESSIVE;
				GCC_WARN_UNUSED_FUNCTION = YES;
				GCC_WARN_UNUSED_VARIABLE = YES;
				MACOSX_DEPLOYMENT_TARGET = 10.14;
				MTL_ENABLE_DEBUG_INFO = NO;
				SDKROOT = macosx;
				SWIFT_COMPILATION_MODE = wholemodule;
				SWIFT_OPTIMIZATION_LEVEL = "-O";
			};
			name = Release;
		};
		6BA85A3A217EB03500FAEDF2 /* Debug */ = {
			isa = XCBuildConfiguration;
			buildSettings = {
				ASSETCATALOG_COMPILER_APPICON_NAME = AppIcon;
				CODE_SIGN_ENTITLEMENTS = StrokeLayer/StrokeLayer.entitlements;
				CODE_SIGN_STYLE = Automatic;
				COMBINE_HIDPI_IMAGES = YES;
				FRAMEWORK_SEARCH_PATHS = (
					"$(inherited)",
					"$(PROJECT_DIR)/Carthage/Build/Mac",
				);
				INFOPLIST_FILE = StrokeLayer/Info.plist;
				LD_RUNPATH_SEARCH_PATHS = (
					"$(inherited)",
					"@executable_path/../Frameworks",
				);
				PRODUCT_BUNDLE_IDENTIFIER = jp.co.yumemi.StrokeLayer;
				PRODUCT_NAME = "$(TARGET_NAME)";
				SWIFT_VERSION = 4.2;
			};
			name = Debug;
		};
		6BA85A3B217EB03500FAEDF2 /* Release */ = {
			isa = XCBuildConfiguration;
			buildSettings = {
				ASSETCATALOG_COMPILER_APPICON_NAME = AppIcon;
				CODE_SIGN_ENTITLEMENTS = StrokeLayer/StrokeLayer.entitlements;
				CODE_SIGN_STYLE = Automatic;
				COMBINE_HIDPI_IMAGES = YES;
				FRAMEWORK_SEARCH_PATHS = (
					"$(inherited)",
					"$(PROJECT_DIR)/Carthage/Build/Mac",
				);
				INFOPLIST_FILE = StrokeLayer/Info.plist;
				LD_RUNPATH_SEARCH_PATHS = (
					"$(inherited)",
					"@executable_path/../Frameworks",
				);
				PRODUCT_BUNDLE_IDENTIFIER = jp.co.yumemi.StrokeLayer;
				PRODUCT_NAME = "$(TARGET_NAME)";
				SWIFT_VERSION = 4.2;
			};
			name = Release;
		};
/* End XCBuildConfiguration section */

/* Begin XCConfigurationList section */
		6BA85A26217EB03100FAEDF2 /* Build configuration list for PBXProject "StrokeLayer" */ = {
			isa = XCConfigurationList;
			buildConfigurations = (
				6BA85A37217EB03500FAEDF2 /* Debug */,
				6BA85A38217EB03500FAEDF2 /* Release */,
			);
			defaultConfigurationIsVisible = 0;
			defaultConfigurationName = Release;
		};
		6BA85A39217EB03500FAEDF2 /* Build configuration list for PBXNativeTarget "StrokeLayer" */ = {
			isa = XCConfigurationList;
			buildConfigurations = (
				6BA85A3A217EB03500FAEDF2 /* Debug */,
				6BA85A3B217EB03500FAEDF2 /* Release */,
			);
			defaultConfigurationIsVisible = 0;
			defaultConfigurationName = Release;
		};
/* End XCConfigurationList section */
	};
	rootObject = 6BA85A23217EB03100FAEDF2 /* Project object */;
}
